
Microsoft Visual Studio Solution File, Format Version 12.00
# Visual Studio Version 17
VisualStudioVersion = 17.4.33213.308
MinimumVisualStudioVersion = 10.0.40219.1
Project("{FAE04EC0-301F-11D3-BF4B-00C04F79EFBC}") = "FAQ", "FAQ\FAQ.csproj", "{79951C8E-2684-4EE1-87EA-51C5FD3A596A}"
EndProject
Global
	GlobalSection(SolutionConfigurationPlatforms) = preSolution
		Debug|Any CPU = Debug|Any CPU
		Release|Any CPU = Release|Any CPU
	EndGlobalSection
	GlobalSection(ProjectConfigurationPlatforms) = postSolution
		{79951C8E-2684-4EE1-87EA-51C5FD3A596A}.Debug|Any CPU.ActiveCfg = Debug|Any CPU
		{79951C8E-2684-4EE1-87EA-51C5FD3A596A}.Debug|Any CPU.Build.0 = Debug|Any CPU
		{79951C8E-2684-4EE1-87EA-51C5FD3A596A}.Release|Any CPU.ActiveCfg = Release|Any CPU
		{79951C8E-2684-4EE1-87EA-51C5FD3A596A}.Release|Any CPU.Build.0 = Release|Any CPU
	EndGlobalSection
	GlobalSection(SolutionProperties) = preSolution
		HideSolutionNode = FALSE
	EndGlobalSection
	GlobalSection(ExtensibilityGlobals) = postSolution
		SolutionGuid = {5621E246-750E-4BF3-A7D1-DF2DEEB6D477}
	EndGlobalSection
EndGlobal
